
Microsoft Visual Studio Solution File, Format Version 12.00
# Visual Studio Version 16
VisualStudioVersion = 16.0.31424.327
MinimumVisualStudioVersion = 10.0.40219.1
Project("{FAE04EC0-301F-11D3-BF4B-00C04F79EFBC}") = "Entities", "Entities\Entities.csproj", "{346571EA-18FB-4A6B-AB5F-AB05FB965CF5}"
EndProject
Project("{FAE04EC0-301F-11D3-BF4B-00C04F79EFBC}") = "DataAcces", "DataAcces\DataAcces.csproj", "{FD64C86B-2B17-4972-96BB-CE262CF50187}"
EndProject
Project("{FAE04EC0-301F-11D3-BF4B-00C04F79EFBC}") = "Business", "Business\Business.csproj", "{5A978356-90D7-49E4-873C-CC03D435DFD6}"
EndProject
Project("{FAE04EC0-301F-11D3-BF4B-00C04F79EFBC}") = "Core", "Core\Core.csproj", "{B6BA35A1-2A3A-4CA6-B9C2-FE8680A2F958}"
EndProject
Project("{FAE04EC0-301F-11D3-BF4B-00C04F79EFBC}") = "WebAPI", "WebAPI\WebAPI.csproj", "{CACD6923-A00F-4C8D-BCA3-AD510D9430F8}"
EndProject
Global
	GlobalSection(SolutionConfigurationPlatforms) = preSolution
		Debug|Any CPU = Debug|Any CPU
		Release|Any CPU = Release|Any CPU
	EndGlobalSection
	GlobalSection(ProjectConfigurationPlatforms) = postSolution
		{346571EA-18FB-4A6B-AB5F-AB05FB965CF5}.Debug|Any CPU.ActiveCfg = Debug|Any CPU
		{346571EA-18FB-4A6B-AB5F-AB05FB965CF5}.Debug|Any CPU.Build.0 = Debug|Any CPU
		{346571EA-18FB-4A6B-AB5F-AB05FB965CF5}.Release|Any CPU.ActiveCfg = Release|Any CPU
		{346571EA-18FB-4A6B-AB5F-AB05FB965CF5}.Release|Any CPU.Build.0 = Release|Any CPU
		{FD64C86B-2B17-4972-96BB-CE262CF50187}.Debug|Any CPU.ActiveCfg = Debug|Any CPU
		{FD64C86B-2B17-4972-96BB-CE262CF50187}.Debug|Any CPU.Build.0 = Debug|Any CPU
		{FD64C86B-2B17-4972-96BB-CE262CF50187}.Release|Any CPU.ActiveCfg = Release|Any CPU
		{FD64C86B-2B17-4972-96BB-CE262CF50187}.Release|Any CPU.Build.0 = Release|Any CPU
		{5A978356-90D7-49E4-873C-CC03D435DFD6}.Debug|Any CPU.ActiveCfg = Debug|Any CPU
		{5A978356-90D7-49E4-873C-CC03D435DFD6}.Debug|Any CPU.Build.0 = Debug|Any CPU
		{5A978356-90D7-49E4-873C-CC03D435DFD6}.Release|Any CPU.ActiveCfg = Release|Any CPU
		{5A978356-90D7-49E4-873C-CC03D435DFD6}.Release|Any CPU.Build.0 = Release|Any CPU
		{B6BA35A1-2A3A-4CA6-B9C2-FE8680A2F958}.Debug|Any CPU.ActiveCfg = Debug|Any CPU
		{B6BA35A1-2A3A-4CA6-B9C2-FE8680A2F958}.Debug|Any CPU.Build.0 = Debug|Any CPU
		{B6BA35A1-2A3A-4CA6-B9C2-FE8680A2F958}.Release|Any CPU.ActiveCfg = Release|Any CPU
		{B6BA35A1-2A3A-4CA6-B9C2-FE8680A2F958}.Release|Any CPU.Build.0 = Release|Any CPU
		{CACD6923-A00F-4C8D-BCA3-AD510D9430F8}.Debug|Any CPU.ActiveCfg = Debug|Any CPU
		{CACD6923-A00F-4C8D-BCA3-AD510D9430F8}.Debug|Any CPU.Build.0 = Debug|Any CPU
		{CACD6923-A00F-4C8D-BCA3-AD510D9430F8}.Release|Any CPU.ActiveCfg = Release|Any CPU
		{CACD6923-A00F-4C8D-BCA3-AD510D9430F8}.Release|Any CPU.Build.0 = Release|Any CPU
	EndGlobalSection
	GlobalSection(SolutionProperties) = preSolution
		HideSolutionNode = FALSE
	EndGlobalSection
	GlobalSection(ExtensibilityGlobals) = postSolution
		SolutionGuid = {2DC823F2-8B46-4F7E-981C-7D613D3F5F27}
	EndGlobalSection
EndGlobal
